PODS:
  - CocoaAsyncSocket (7.6.3)
  - IJKMediaFramework (0.1.0)
  - KTVCocoaHTTPServer (1.0.0):
    - CocoaAsyncSocket
  - KTVHTTPCache (1.1.1):
    - KTVCocoaHTTPServer
  - ZFPlayer (3.0.5):
    - ZFPlayer/AVPlayer (= 3.0.5)
    - ZFPlayer/ControlView (= 3.0.5)
    - ZFPlayer/Core (= 3.0.5)
    - ZFPlayer/ijkplayer (= 3.0.5)
  - ZFPlayer/AVPlayer (3.0.5):
    - ZFPlayer/Core
  - ZFPlayer/ControlView (3.0.5):
    - ZFPlayer/Core
  - ZFPlayer/Core (3.0.5)
  - ZFPlayer/ijkplayer (3.0.5):
    - IJKMediaFramework
    - ZFPlayer/Core

DEPENDENCIES:
  - KTVHTTPCache (from `https://github.com/ChangbaDevs/KTVHTTPCache.git`)
  - ZFPlayer (from `../`)

EXTERNAL SOURCES:
  KTVHTTPCache:
    :git: https://github.com/ChangbaDevs/KTVHTTPCache.git
  ZFPlayer:
    :path: ../

CHECKOUT OPTIONS:
  KTVHTTPCache:
    :commit: c989c8fa89b7051c9b6bbb65889ab8218cc130ac
    :git: https://github.com/ChangbaDevs/KTVHTTPCache.git

SPEC CHECKSUMS:
  CocoaAsyncSocket: eafaa68a7e0ec99ead0a7b35015e0bf25d2c8987
  IJKMediaFramework: 5f7ca5185ddc183fb8a4f9df0584b7663c996790
  KTVCocoaHTTPServer: df8d7b861e603ff8037e9b2138aca2563a6b768d
  KTVHTTPCache: 71e3c492155d4f1bfad5d1750786efc4c5066d33
  ZFPlayer: 29bb8efb9b8bb9b89ab3b9541367337cf17b9f06

PODFILE CHECKSUM: d392ac5bff0b316041abdcceb59bf4b3239bc79d

COCOAPODS: 1.4.0
