PODS:
  - FDFullscreenPopGesture (1.1)
  - MJRefresh (3.1.15.7)
  - ZFPlayer (3.2.0):
    - ZFPlayer/AVPlayer (= 3.2.0)
    - ZFPlayer/ControlView (= 3.2.0)
    - ZFPlayer/Core (= 3.2.0)
    - ZFPlayer/ijkplayer (= 3.2.0)
    - ZFPlayer/KSYMediaPlayer (= 3.2.0)
  - ZFPlayer/AVPlayer (3.2.0):
    - ZFPlayer/Core
  - ZFPlayer/ControlView (3.2.0):
    - ZFPlayer/Core
  - ZFPlayer/Core (3.2.0)
  - ZFPlayer/ijkplayer (3.2.0):
    - ZFPlayer/Core
  - ZFPlayer/KSYMediaPlayer (3.2.0):
    - ZFPlayer/Core

DEPENDENCIES:
  - FDFullscreenPopGesture
  - MJRefresh
  - ZFPlayer (from `../`)

SPEC REPOS:
  https://github.com/cocoapods/specs.git:
    - FDFullscreenPopGesture
    - MJRefresh

EXTERNAL SOURCES:
  ZFPlayer:
    :path: "../"

SPEC CHECKSUMS:
  FDFullscreenPopGesture: a8a620179e3d9c40e8e00256dcee1c1a27c6d0f0
  MJRefresh: 697f8ec75ebdbe9207767bb682cf0f51b0d8a41f
  ZFPlayer: 31690df2b43b7c0a19c1be25092ca67e388e66f8

PODFILE CHECKSUM: d89c8924201984050dab836fc7915aa711da3cd6

COCOAPODS: 1.5.3
