PODS:
  - ZFPlayer (3.0.9.1):
    - ZFPlayer/AVPlayer (= 3.0.9.1)
    - ZFPlayer/ControlView (= 3.0.9.1)
    - ZFPlayer/Core (= 3.0.9.1)
    - ZFPlayer/ijkplayer (= 3.0.9.1)
    - ZFPlayer/KSYMediaPlayer (= 3.0.9.1)
  - ZFPlayer/AVPlayer (3.0.9.1):
    - ZFPlayer/Core
  - ZFPlayer/ControlView (3.0.9.1):
    - ZFPlayer/Core
  - ZFPlayer/Core (3.0.9.1)
  - ZFPlayer/ijkplayer (3.0.9.1):
    - ZFPlayer/Core
  - ZFPlayer/KSYMediaPlayer (3.0.9.1):
    - ZFPlayer/Core

DEPENDENCIES:
  - ZFPlayer (from `../`)

EXTERNAL SOURCES:
  ZFPlayer:
    :path: ../

SPEC CHECKSUMS:
  ZFPlayer: 079c9821bbeeac8740ae5a50831b03b6f981ebca

PODFILE CHECKSUM: 439ec0ff672a06a4e1c33be17b58703d4db438a1

COCOAPODS: 1.4.0
